
Microsoft Visual Studio Solution File, Format Version 12.00
# Visual Studio Version 16
VisualStudioVersion = 16.0.29006.145
MinimumVisualStudioVersion = 10.0.40219.1
Project("{2150E333-8FDC-42A3-9474-1A3956D46DE8}") = "Domain", "Domain", "{6973C420-6872-45E9-87E3-1BDC8B566BE1}"
EndProject
Project("{2150E333-8FDC-42A3-9474-1A3956D46DE8}") = "Infraestructure", "Infraestructure", "{E91D01A9-9E9E-44DB-8077-1A3434EBE105}"
EndProject
Project("{2150E333-8FDC-42A3-9474-1A3956D46DE8}") = "src", "src", "{B06C8389-7023-4BA3-BB47-BD9C7E3890B7}"
EndProject
Project("{9A19103F-16F7-4668-BE54-9A1E7A4F7556}") = "CloudMe.ToDeTaxi.Domain.Services", "src\CloudMe.ToDeTaxi.Domain.Services\CloudMe.ToDeTaxi.Domain.Services.csproj", "{559FB8E8-5255-41D3-B7E2-60B1E6D97B1F}"
EndProject
Project("{9A19103F-16F7-4668-BE54-9A1E7A4F7556}") = "CloudMe.ToDeTaxi.Domain.Enums", "src\CloudMe.ToDeTaxi.Domain.Enums\CloudMe.ToDeTaxi.Domain.Enums.csproj", "{9BE384DA-A6AD-4035-9E63-786DAC7B9B14}"
EndProject
Project("{9A19103F-16F7-4668-BE54-9A1E7A4F7556}") = "CloudMe.ToDeTaxi.Domain.Exceptions", "src\CloudMe.ToDeTaxi.Domain.Exceptions\CloudMe.ToDeTaxi.Domain.Exceptions.csproj", "{0228DCAA-4E4F-4596-AA9E-994E6C72A4BB}"
EndProject
Project("{9A19103F-16F7-4668-BE54-9A1E7A4F7556}") = "CloudMe.ToDeTaxi.Domain.Model", "src\CloudMe.ToDeTaxi.Domain.Model\CloudMe.ToDeTaxi.Domain.Model.csproj", "{B5E76CA6-D704-46E1-BD50-E9AAE477AF68}"
EndProject
Project("{9A19103F-16F7-4668-BE54-9A1E7A4F7556}") = "CloudMe.ToDeTaxi.Infraestructure", "src\CloudMe.ToDeTaxi.Infraestructure\CloudMe.ToDeTaxi.Infraestructure.csproj", "{CE121548-BAEE-4A3C-9CD2-FD6AEBEB0080}"
EndProject
Project("{9A19103F-16F7-4668-BE54-9A1E7A4F7556}") = "CloudMe.ToDeTaxi.Infraestructure.Abstracts", "src\CloudMe.ToDeTaxi.Infraestructure.Abstracts\CloudMe.ToDeTaxi.Infraestructure.Abstracts.csproj", "{CEAA8AA1-CC44-496A-9162-21B011E7998F}"
EndProject
Project("{9A19103F-16F7-4668-BE54-9A1E7A4F7556}") = "CloudMe.ToDeTaxi.Infraestructure.EF", "src\CloudMe.ToDeTaxi.Infraestructure.EF\CloudMe.ToDeTaxi.Infraestructure.EF.csproj", "{E9639119-199A-49ED-B0B9-F0F91AA65573}"
EndProject
Project("{9A19103F-16F7-4668-BE54-9A1E7A4F7556}") = "CloudMe.ToDeTaxi.Infraestructure.Entries", "src\CloudMe.ToDeTaxi.Infraestructure.Entries\CloudMe.ToDeTaxi.Infraestructure.Entries.csproj", "{81617C29-7968-4F07-9AF3-1ADD3C0CF528}"
EndProject
Project("{2150E333-8FDC-42A3-9474-1A3956D46DE8}") = "Views", "Views", "{36370E81-4B5E-452E-94EC-1535BDF09095}"
EndProject
Project("{9A19103F-16F7-4668-BE54-9A1E7A4F7556}") = "CloudMe.ToDeTaxi.Api", "src\CloudMe.ToDeTaxi.Api\CloudMe.ToDeTaxi.Api.csproj", "{E9DEB9D5-A240-4438-99BE-DDFEEE436C8B}"
EndProject
Global
	GlobalSection(SolutionConfigurationPlatforms) = preSolution
		Debug|Any CPU = Debug|Any CPU
		Release|Any CPU = Release|Any CPU
	EndGlobalSection
	GlobalSection(ProjectConfigurationPlatforms) = postSolution
		{559FB8E8-5255-41D3-B7E2-60B1E6D97B1F}.Debug|Any CPU.ActiveCfg = Debug|Any CPU
		{559FB8E8-5255-41D3-B7E2-60B1E6D97B1F}.Debug|Any CPU.Build.0 = Debug|Any CPU
		{559FB8E8-5255-41D3-B7E2-60B1E6D97B1F}.Release|Any CPU.ActiveCfg = Release|Any CPU
		{559FB8E8-5255-41D3-B7E2-60B1E6D97B1F}.Release|Any CPU.Build.0 = Release|Any CPU
		{9BE384DA-A6AD-4035-9E63-786DAC7B9B14}.Debug|Any CPU.ActiveCfg = Debug|Any CPU
		{9BE384DA-A6AD-4035-9E63-786DAC7B9B14}.Debug|Any CPU.Build.0 = Debug|Any CPU
		{9BE384DA-A6AD-4035-9E63-786DAC7B9B14}.Release|Any CPU.ActiveCfg = Release|Any CPU
		{9BE384DA-A6AD-4035-9E63-786DAC7B9B14}.Release|Any CPU.Build.0 = Release|Any CPU
		{0228DCAA-4E4F-4596-AA9E-994E6C72A4BB}.Debug|Any CPU.ActiveCfg = Debug|Any CPU
		{0228DCAA-4E4F-4596-AA9E-994E6C72A4BB}.Debug|Any CPU.Build.0 = Debug|Any CPU
		{0228DCAA-4E4F-4596-AA9E-994E6C72A4BB}.Release|Any CPU.ActiveCfg = Release|Any CPU
		{0228DCAA-4E4F-4596-AA9E-994E6C72A4BB}.Release|Any CPU.Build.0 = Release|Any CPU
		{B5E76CA6-D704-46E1-BD50-E9AAE477AF68}.Debug|Any CPU.ActiveCfg = Debug|Any CPU
		{B5E76CA6-D704-46E1-BD50-E9AAE477AF68}.Debug|Any CPU.Build.0 = Debug|Any CPU
		{B5E76CA6-D704-46E1-BD50-E9AAE477AF68}.Release|Any CPU.ActiveCfg = Release|Any CPU
		{B5E76CA6-D704-46E1-BD50-E9AAE477AF68}.Release|Any CPU.Build.0 = Release|Any CPU
		{CE121548-BAEE-4A3C-9CD2-FD6AEBEB0080}.Debug|Any CPU.ActiveCfg = Debug|Any CPU
		{CE121548-BAEE-4A3C-9CD2-FD6AEBEB0080}.Debug|Any CPU.Build.0 = Debug|Any CPU
		{CE121548-BAEE-4A3C-9CD2-FD6AEBEB0080}.Release|Any CPU.ActiveCfg = Release|Any CPU
		{CE121548-BAEE-4A3C-9CD2-FD6AEBEB0080}.Release|Any CPU.Build.0 = Release|Any CPU
		{CEAA8AA1-CC44-496A-9162-21B011E7998F}.Debug|Any CPU.ActiveCfg = Debug|Any CPU
		{CEAA8AA1-CC44-496A-9162-21B011E7998F}.Debug|Any CPU.Build.0 = Debug|Any CPU
		{CEAA8AA1-CC44-496A-9162-21B011E7998F}.Release|Any CPU.ActiveCfg = Release|Any CPU
		{CEAA8AA1-CC44-496A-9162-21B011E7998F}.Release|Any CPU.Build.0 = Release|Any CPU
		{E9639119-199A-49ED-B0B9-F0F91AA65573}.Debug|Any CPU.ActiveCfg = Debug|Any CPU
		{E9639119-199A-49ED-B0B9-F0F91AA65573}.Debug|Any CPU.Build.0 = Debug|Any CPU
		{E9639119-199A-49ED-B0B9-F0F91AA65573}.Release|Any CPU.ActiveCfg = Release|Any CPU
		{E9639119-199A-49ED-B0B9-F0F91AA65573}.Release|Any CPU.Build.0 = Release|Any CPU
		{81617C29-7968-4F07-9AF3-1ADD3C0CF528}.Debug|Any CPU.ActiveCfg = Debug|Any CPU
		{81617C29-7968-4F07-9AF3-1ADD3C0CF528}.Debug|Any CPU.Build.0 = Debug|Any CPU
		{81617C29-7968-4F07-9AF3-1ADD3C0CF528}.Release|Any CPU.ActiveCfg = Release|Any CPU
		{81617C29-7968-4F07-9AF3-1ADD3C0CF528}.Release|Any CPU.Build.0 = Release|Any CPU
		{E9DEB9D5-A240-4438-99BE-DDFEEE436C8B}.Debug|Any CPU.ActiveCfg = Debug|Any CPU
		{E9DEB9D5-A240-4438-99BE-DDFEEE436C8B}.Debug|Any CPU.Build.0 = Debug|Any CPU
		{E9DEB9D5-A240-4438-99BE-DDFEEE436C8B}.Release|Any CPU.ActiveCfg = Release|Any CPU
		{E9DEB9D5-A240-4438-99BE-DDFEEE436C8B}.Release|Any CPU.Build.0 = Release|Any CPU
	EndGlobalSection
	GlobalSection(SolutionProperties) = preSolution
		HideSolutionNode = FALSE
	EndGlobalSection
	GlobalSection(NestedProjects) = preSolution
		{6973C420-6872-45E9-87E3-1BDC8B566BE1} = {B06C8389-7023-4BA3-BB47-BD9C7E3890B7}
		{E91D01A9-9E9E-44DB-8077-1A3434EBE105} = {B06C8389-7023-4BA3-BB47-BD9C7E3890B7}
		{559FB8E8-5255-41D3-B7E2-60B1E6D97B1F} = {6973C420-6872-45E9-87E3-1BDC8B566BE1}
		{9BE384DA-A6AD-4035-9E63-786DAC7B9B14} = {6973C420-6872-45E9-87E3-1BDC8B566BE1}
		{0228DCAA-4E4F-4596-AA9E-994E6C72A4BB} = {6973C420-6872-45E9-87E3-1BDC8B566BE1}
		{B5E76CA6-D704-46E1-BD50-E9AAE477AF68} = {6973C420-6872-45E9-87E3-1BDC8B566BE1}
		{CE121548-BAEE-4A3C-9CD2-FD6AEBEB0080} = {E91D01A9-9E9E-44DB-8077-1A3434EBE105}
		{CEAA8AA1-CC44-496A-9162-21B011E7998F} = {E91D01A9-9E9E-44DB-8077-1A3434EBE105}
		{E9639119-199A-49ED-B0B9-F0F91AA65573} = {E91D01A9-9E9E-44DB-8077-1A3434EBE105}
		{81617C29-7968-4F07-9AF3-1ADD3C0CF528} = {E91D01A9-9E9E-44DB-8077-1A3434EBE105}
		{36370E81-4B5E-452E-94EC-1535BDF09095} = {B06C8389-7023-4BA3-BB47-BD9C7E3890B7}
		{E9DEB9D5-A240-4438-99BE-DDFEEE436C8B} = {36370E81-4B5E-452E-94EC-1535BDF09095}
	EndGlobalSection
	GlobalSection(ExtensibilityGlobals) = postSolution
		SolutionGuid = {5374856F-8FF6-4408-B743-CA36BFC462E1}
	EndGlobalSection
EndGlobal
